Microsoft Visual Studio Solution File, Format Version 12.00
# Visual Studio Version 17
VisualStudioVersion = 17.5.2.0
MinimumVisualStudioVersion = 10.0.40219.1
Project("{FAE04EC0-301F-11D3-BF4B-00C04F79EFBC}") = "Formula", "Formula.csproj", "{B6265B11-90D9-2EFF-B8F1-49EE0C270C83}"
EndProject
Global
	GlobalSection(SolutionConfigurationPlatforms) = preSolution
		Debug|Any CPU = Debug|Any CPU
		Release|Any CPU = Release|Any CPU
	EndGlobalSection
	GlobalSection(ProjectConfigurationPlatforms) = postSolution
		{B6265B11-90D9-2EFF-B8F1-49EE0C270C83}.Debug|Any CPU.ActiveCfg = Debug|Any CPU
		{B6265B11-90D9-2EFF-B8F1-49EE0C270C83}.Debug|Any CPU.Build.0 = Debug|Any CPU
		{B6265B11-90D9-2EFF-B8F1-49EE0C270C83}.Release|Any CPU.ActiveCfg = Release|Any CPU
		{B6265B11-90D9-2EFF-B8F1-49EE0C270C83}.Release|Any CPU.Build.0 = Release|Any CPU
	EndGlobalSection
	GlobalSection(SolutionProperties) = preSolution
		HideSolutionNode = FALSE
	EndGlobalSection
	GlobalSection(ExtensibilityGlobals) = postSolution
		SolutionGuid = {7BA0685A-3776-4779-8A15-AA240B8855D2}
	EndGlobalSection
EndGlobal
